
Microsoft Visual Studio Solution File, Format Version 12.00
# Visual Studio Version 16
VisualStudioVersion = 16.0.31515.178
MinimumVisualStudioVersion = 10.0.40219.1
Project("{9A19103F-16F7-4668-BE54-9A1E7A4F7556}") = "Broker", "Broker\Broker.csproj", "{5130561D-7D07-41B0-AA3E-635EBB910D51}"
EndProject
Project("{9A19103F-16F7-4668-BE54-9A1E7A4F7556}") = "Common", "Common\Common.csproj", "{8E6349BC-9649-4731-9ABA-303C18856861}"
EndProject
Project("{9A19103F-16F7-4668-BE54-9A1E7A4F7556}") = "Sender", "Sender\Sender.csproj", "{91BED5C6-1428-424A-A784-820609320F9F}"
EndProject
Project("{FAE04EC0-301F-11D3-BF4B-00C04F79EFBC}") = "Receiver", "Receiver\Receiver.csproj", "{49901374-7C10-469C-B6A9-94AE2BB55D48}"
EndProject
Global
	GlobalSection(SolutionConfigurationPlatforms) = preSolution
		Debug|Any CPU = Debug|Any CPU
		Release|Any CPU = Release|Any CPU
	EndGlobalSection
	GlobalSection(ProjectConfigurationPlatforms) = postSolution
		{5130561D-7D07-41B0-AA3E-635EBB910D51}.Debug|Any CPU.ActiveCfg = Debug|Any CPU
		{5130561D-7D07-41B0-AA3E-635EBB910D51}.Debug|Any CPU.Build.0 = Debug|Any CPU
		{5130561D-7D07-41B0-AA3E-635EBB910D51}.Release|Any CPU.ActiveCfg = Release|Any CPU
		{5130561D-7D07-41B0-AA3E-635EBB910D51}.Release|Any CPU.Build.0 = Release|Any CPU
		{8E6349BC-9649-4731-9ABA-303C18856861}.Debug|Any CPU.ActiveCfg = Debug|Any CPU
		{8E6349BC-9649-4731-9ABA-303C18856861}.Debug|Any CPU.Build.0 = Debug|Any CPU
		{8E6349BC-9649-4731-9ABA-303C18856861}.Release|Any CPU.ActiveCfg = Release|Any CPU
		{8E6349BC-9649-4731-9ABA-303C18856861}.Release|Any CPU.Build.0 = Release|Any CPU
		{91BED5C6-1428-424A-A784-820609320F9F}.Debug|Any CPU.ActiveCfg = Debug|Any CPU
		{91BED5C6-1428-424A-A784-820609320F9F}.Debug|Any CPU.Build.0 = Debug|Any CPU
		{91BED5C6-1428-424A-A784-820609320F9F}.Release|Any CPU.ActiveCfg = Release|Any CPU
		{91BED5C6-1428-424A-A784-820609320F9F}.Release|Any CPU.Build.0 = Release|Any CPU
		{49901374-7C10-469C-B6A9-94AE2BB55D48}.Debug|Any CPU.ActiveCfg = Debug|Any CPU
		{49901374-7C10-469C-B6A9-94AE2BB55D48}.Debug|Any CPU.Build.0 = Debug|Any CPU
		{49901374-7C10-469C-B6A9-94AE2BB55D48}.Release|Any CPU.ActiveCfg = Release|Any CPU
		{49901374-7C10-469C-B6A9-94AE2BB55D48}.Release|Any CPU.Build.0 = Release|Any CPU
	EndGlobalSection
	GlobalSection(SolutionProperties) = preSolution
		HideSolutionNode = FALSE
	EndGlobalSection
	GlobalSection(ExtensibilityGlobals) = postSolution
		SolutionGuid = {82071254-B3D7-47A9-8CA0-07A0946DD822}
	EndGlobalSection
EndGlobal
